
Microsoft Visual Studio Solution File, Format Version 12.00
# Visual Studio Version 16
VisualStudioVersion = 16.0.31005.135
MinimumVisualStudioVersion = 10.0.40219.1
Project("{FAE04EC0-301F-11D3-BF4B-00C04F79EFBC}") = "Laminate", "Laminate\Laminate.csproj", "{5AB40A0F-2F44-48B1-88B1-F45850026816}"
EndProject
Global
	GlobalSection(SolutionConfigurationPlatforms) = preSolution
		Debug|Any CPU = Debug|Any CPU
		Release|Any CPU = Release|Any CPU
	EndGlobalSection
	GlobalSection(ProjectConfigurationPlatforms) = postSolution
		{5AB40A0F-2F44-48B1-88B1-F45850026816}.Debug|Any CPU.ActiveCfg = Debug|Any CPU
		{5AB40A0F-2F44-48B1-88B1-F45850026816}.Debug|Any CPU.Build.0 = Debug|Any CPU
		{5AB40A0F-2F44-48B1-88B1-F45850026816}.Release|Any CPU.ActiveCfg = Release|Any CPU
		{5AB40A0F-2F44-48B1-88B1-F45850026816}.Release|Any CPU.Build.0 = Release|Any CPU
	EndGlobalSection
	GlobalSection(SolutionProperties) = preSolution
		HideSolutionNode = FALSE
	EndGlobalSection
	GlobalSection(ExtensibilityGlobals) = postSolution
		SolutionGuid = {A1E2F7E8-8BA6-4CAA-A9CA-79EB4506B566}
	EndGlobalSection
EndGlobal
